
Microsoft Visual Studio Solution File, Format Version 12.00
# Visual Studio Version 17
VisualStudioVersion = 17.9.34622.214
MinimumVisualStudioVersion = 10.0.40219.1
Project("{8BC9CEB8-8B4A-11D0-8D11-00A0C91BC942}") = "BaseBFS", "2_Week_question\2_Week_question.vcxproj", "{A03786A9-7D52-4CBA-93B4-B5B9687BACCB}"
EndProject
Project("{8BC9CEB8-8B4A-11D0-8D11-00A0C91BC942}") = "2-A", "2-A\2-A.vcxproj", "{902F73F9-B110-4DAC-A132-AE5352DFF6C9}"
EndProject
Project("{8BC9CEB8-8B4A-11D0-8D11-00A0C91BC942}") = "2-B", "2-B\2-B.vcxproj", "{20E6F59A-0FB3-42CC-86DF-4BC86611520F}"
EndProject
Project("{8BC9CEB8-8B4A-11D0-8D11-00A0C91BC942}") = "2-C", "2-C\2-C.vcxproj", "{E322A538-8C16-4AD4-8220-588BF4FE9847}"
EndProject
Project("{8BC9CEB8-8B4A-11D0-8D11-00A0C91BC942}") = "2-D", "2-D\2-D.vcxproj", "{03747AD2-786F-4491-B6B9-F9BDA0853AD4}"
EndProject
Project("{8BC9CEB8-8B4A-11D0-8D11-00A0C91BC942}") = "2-E", "2-E\2-E.vcxproj", "{59DFA578-34EA-43DA-B08E-F75B9488EADF}"
EndProject
Project("{8BC9CEB8-8B4A-11D0-8D11-00A0C91BC942}") = "2-F", "2-F\2-F.vcxproj", "{0D9F018E-0BA5-4C08-92C2-9948135DE077}"
EndProject
Project("{8BC9CEB8-8B4A-11D0-8D11-00A0C91BC942}") = "2-G", "2-G\2-G.vcxproj", "{6F5BFABC-AB61-4510-BE93-C4F9090AB016}"
EndProject
Project("{8BC9CEB8-8B4A-11D0-8D11-00A0C91BC942}") = "2-H", "2-H\2-H.vcxproj", "{49DCC4ED-B19A-4F9B-92BB-7248569E3B98}"
EndProject
Project("{8BC9CEB8-8B4A-11D0-8D11-00A0C91BC942}") = "2-I", "2-I\2-I.vcxproj", "{7391BFFD-3591-42B3-9CD7-7F9FE2C9DEB4}"
EndProject
Global
	GlobalSection(SolutionConfigurationPlatforms) = preSolution
		Debug|x64 = Debug|x64
		Debug|x86 = Debug|x86
		Release|x64 = Release|x64
		Release|x86 = Release|x86
	EndGlobalSection
	GlobalSection(ProjectConfigurationPlatforms) = postSolution
		{A03786A9-7D52-4CBA-93B4-B5B9687BACCB}.Debug|x64.ActiveCfg = Debug|x64
		{A03786A9-7D52-4CBA-93B4-B5B9687BACCB}.Debug|x64.Build.0 = Debug|x64
		{A03786A9-7D52-4CBA-93B4-B5B9687BACCB}.Debug|x86.ActiveCfg = Debug|Win32
		{A03786A9-7D52-4CBA-93B4-B5B9687BACCB}.Debug|x86.Build.0 = Debug|Win32
		{A03786A9-7D52-4CBA-93B4-B5B9687BACCB}.Release|x64.ActiveCfg = Release|x64
		{A03786A9-7D52-4CBA-93B4-B5B9687BACCB}.Release|x64.Build.0 = Release|x64
		{A03786A9-7D52-4CBA-93B4-B5B9687BACCB}.Release|x86.ActiveCfg = Release|Win32
		{A03786A9-7D52-4CBA-93B4-B5B9687BACCB}.Release|x86.Build.0 = Release|Win32
		{902F73F9-B110-4DAC-A132-AE5352DFF6C9}.Debug|x64.ActiveCfg = Debug|x64
		{902F73F9-B110-4DAC-A132-AE5352DFF6C9}.Debug|x64.Build.0 = Debug|x64
		{902F73F9-B110-4DAC-A132-AE5352DFF6C9}.Debug|x86.ActiveCfg = Debug|Win32
		{902F73F9-B110-4DAC-A132-AE5352DFF6C9}.Debug|x86.Build.0 = Debug|Win32
		{902F73F9-B110-4DAC-A132-AE5352DFF6C9}.Release|x64.ActiveCfg = Release|x64
		{902F73F9-B110-4DAC-A132-AE5352DFF6C9}.Release|x64.Build.0 = Release|x64
		{902F73F9-B110-4DAC-A132-AE5352DFF6C9}.Release|x86.ActiveCfg = Release|Win32
		{902F73F9-B110-4DAC-A132-AE5352DFF6C9}.Release|x86.Build.0 = Release|Win32
		{20E6F59A-0FB3-42CC-86DF-4BC86611520F}.Debug|x64.ActiveCfg = Debug|x64
		{20E6F59A-0FB3-42CC-86DF-4BC86611520F}.Debug|x64.Build.0 = Debug|x64
		{20E6F59A-0FB3-42CC-86DF-4BC86611520F}.Debug|x86.ActiveCfg = Debug|Win32
		{20E6F59A-0FB3-42CC-86DF-4BC86611520F}.Debug|x86.Build.0 = Debug|Win32
		{20E6F59A-0FB3-42CC-86DF-4BC86611520F}.Release|x64.ActiveCfg = Release|x64
		{20E6F59A-0FB3-42CC-86DF-4BC86611520F}.Release|x64.Build.0 = Release|x64
		{20E6F59A-0FB3-42CC-86DF-4BC86611520F}.Release|x86.ActiveCfg = Release|Win32
		{20E6F59A-0FB3-42CC-86DF-4BC86611520F}.Release|x86.Build.0 = Release|Win32
		{E322A538-8C16-4AD4-8220-588BF4FE9847}.Debug|x64.ActiveCfg = Debug|x64
		{E322A538-8C16-4AD4-8220-588BF4FE9847}.Debug|x64.Build.0 = Debug|x64
		{E322A538-8C16-4AD4-8220-588BF4FE9847}.Debug|x86.ActiveCfg = Debug|Win32
		{E322A538-8C16-4AD4-8220-588BF4FE9847}.Debug|x86.Build.0 = Debug|Win32
		{E322A538-8C16-4AD4-8220-588BF4FE9847}.Release|x64.ActiveCfg = Release|x64
		{E322A538-8C16-4AD4-8220-588BF4FE9847}.Release|x64.Build.0 = Release|x64
		{E322A538-8C16-4AD4-8220-588BF4FE9847}.Release|x86.ActiveCfg = Release|Win32
		{E322A538-8C16-4AD4-8220-588BF4FE9847}.Release|x86.Build.0 = Release|Win32
		{03747AD2-786F-4491-B6B9-F9BDA0853AD4}.Debug|x64.ActiveCfg = Debug|x64
		{03747AD2-786F-4491-B6B9-F9BDA0853AD4}.Debug|x64.Build.0 = Debug|x64
		{03747AD2-786F-4491-B6B9-F9BDA0853AD4}.Debug|x86.ActiveCfg = Debug|Win32
		{03747AD2-786F-4491-B6B9-F9BDA0853AD4}.Debug|x86.Build.0 = Debug|Win32
		{03747AD2-786F-4491-B6B9-F9BDA0853AD4}.Release|x64.ActiveCfg = Release|x64
		{03747AD2-786F-4491-B6B9-F9BDA0853AD4}.Release|x64.Build.0 = Release|x64
		{03747AD2-786F-4491-B6B9-F9BDA0853AD4}.Release|x86.ActiveCfg = Release|Win32
		{03747AD2-786F-4491-B6B9-F9BDA0853AD4}.Release|x86.Build.0 = Release|Win32
		{59DFA578-34EA-43DA-B08E-F75B9488EADF}.Debug|x64.ActiveCfg = Debug|x64
		{59DFA578-34EA-43DA-B08E-F75B9488EADF}.Debug|x64.Build.0 = Debug|x64
		{59DFA578-34EA-43DA-B08E-F75B9488EADF}.Debug|x86.ActiveCfg = Debug|Win32
		{59DFA578-34EA-43DA-B08E-F75B9488EADF}.Debug|x86.Build.0 = Debug|Win32
		{59DFA578-34EA-43DA-B08E-F75B9488EADF}.Release|x64.ActiveCfg = Release|x64
		{59DFA578-34EA-43DA-B08E-F75B9488EADF}.Release|x64.Build.0 = Release|x64
		{59DFA578-34EA-43DA-B08E-F75B9488EADF}.Release|x86.ActiveCfg = Release|Win32
		{59DFA578-34EA-43DA-B08E-F75B9488EADF}.Release|x86.Build.0 = Release|Win32
		{0D9F018E-0BA5-4C08-92C2-9948135DE077}.Debug|x64.ActiveCfg = Debug|x64
		{0D9F018E-0BA5-4C08-92C2-9948135DE077}.Debug|x64.Build.0 = Debug|x64
		{0D9F018E-0BA5-4C08-92C2-9948135DE077}.Debug|x86.ActiveCfg = Debug|Win32
		{0D9F018E-0BA5-4C08-92C2-9948135DE077}.Debug|x86.Build.0 = Debug|Win32
		{0D9F018E-0BA5-4C08-92C2-9948135DE077}.Release|x64.ActiveCfg = Release|x64
		{0D9F018E-0BA5-4C08-92C2-9948135DE077}.Release|x64.Build.0 = Release|x64
		{0D9F018E-0BA5-4C08-92C2-9948135DE077}.Release|x86.ActiveCfg = Release|Win32
		{0D9F018E-0BA5-4C08-92C2-9948135DE077}.Release|x86.Build.0 = Release|Win32
		{6F5BFABC-AB61-4510-BE93-C4F9090AB016}.Debug|x64.ActiveCfg = Debug|x64
		{6F5BFABC-AB61-4510-BE93-C4F9090AB016}.Debug|x64.Build.0 = Debug|x64
		{6F5BFABC-AB61-4510-BE93-C4F9090AB016}.Debug|x86.ActiveCfg = Debug|Win32
		{6F5BFABC-AB61-4510-BE93-C4F9090AB016}.Debug|x86.Build.0 = Debug|Win32
		{6F5BFABC-AB61-4510-BE93-C4F9090AB016}.Release|x64.ActiveCfg = Release|x64
		{6F5BFABC-AB61-4510-BE93-C4F9090AB016}.Release|x64.Build.0 = Release|x64
		{6F5BFABC-AB61-4510-BE93-C4F9090AB016}.Release|x86.ActiveCfg = Release|Win32
		{6F5BFABC-AB61-4510-BE93-C4F9090AB016}.Release|x86.Build.0 = Release|Win32
		{49DCC4ED-B19A-4F9B-92BB-7248569E3B98}.Debug|x64.ActiveCfg = Debug|x64
		{49DCC4ED-B19A-4F9B-92BB-7248569E3B98}.Debug|x64.Build.0 = Debug|x64
		{49DCC4ED-B19A-4F9B-92BB-7248569E3B98}.Debug|x86.ActiveCfg = Debug|Win32
		{49DCC4ED-B19A-4F9B-92BB-7248569E3B98}.Debug|x86.Build.0 = Debug|Win32
		{49DCC4ED-B19A-4F9B-92BB-7248569E3B98}.Release|x64.ActiveCfg = Release|x64
		{49DCC4ED-B19A-4F9B-92BB-7248569E3B98}.Release|x64.Build.0 = Release|x64
		{49DCC4ED-B19A-4F9B-92BB-7248569E3B98}.Release|x86.ActiveCfg = Release|Win32
		{49DCC4ED-B19A-4F9B-92BB-7248569E3B98}.Release|x86.Build.0 = Release|Win32
		{7391BFFD-3591-42B3-9CD7-7F9FE2C9DEB4}.Debug|x64.ActiveCfg = Debug|x64
		{7391BFFD-3591-42B3-9CD7-7F9FE2C9DEB4}.Debug|x64.Build.0 = Debug|x64
		{7391BFFD-3591-42B3-9CD7-7F9FE2C9DEB4}.Debug|x86.ActiveCfg = Debug|Win32
		{7391BFFD-3591-42B3-9CD7-7F9FE2C9DEB4}.Debug|x86.Build.0 = Debug|Win32
		{7391BFFD-3591-42B3-9CD7-7F9FE2C9DEB4}.Release|x64.ActiveCfg = Release|x64
		{7391BFFD-3591-42B3-9CD7-7F9FE2C9DEB4}.Release|x64.Build.0 = Release|x64
		{7391BFFD-3591-42B3-9CD7-7F9FE2C9DEB4}.Release|x86.ActiveCfg = Release|Win32
		{7391BFFD-3591-42B3-9CD7-7F9FE2C9DEB4}.Release|x86.Build.0 = Release|Win32
	EndGlobalSection
	GlobalSection(SolutionProperties) = preSolution
		HideSolutionNode = FALSE
	EndGlobalSection
	GlobalSection(ExtensibilityGlobals) = postSolution
		SolutionGuid = {8A471C9E-3D17-4BF1-B35D-7810B4123084}
	EndGlobalSection
EndGlobal
