
Microsoft Visual Studio Solution File, Format Version 12.00
# Visual Studio Version 17
VisualStudioVersion = 17.9.34622.214
MinimumVisualStudioVersion = 10.0.40219.1
Project("{8BC9CEB8-8B4A-11D0-8D11-00A0C91BC942}") = "BaseBFS", "2_Week_question\2_Week_question.vcxproj", "{A03786A9-7D52-4CBA-93B4-B5B9687BACCB}"
EndProject
Project("{8BC9CEB8-8B4A-11D0-8D11-00A0C91BC942}") = "2-A", "2-A\2-A.vcxproj", "{902F73F9-B110-4DAC-A132-AE5352DFF6C9}"
EndProject
Project("{8BC9CEB8-8B4A-11D0-8D11-00A0C91BC942}") = "2-B", "2-B\2-B.vcxproj", "{20E6F59A-0FB3-42CC-86DF-4BC86611520F}"
EndProject
Project("{8BC9CEB8-8B4A-11D0-8D11-00A0C91BC942}") = "2-C", "2-C\2-C.vcxproj", "{E322A538-8C16-4AD4-8220-588BF4FE9847}"
EndProject
Project("{8BC9CEB8-8B4A-11D0-8D11-00A0C91BC942}") = "2-D", "2-D\2-D.vcxproj", "{03747AD2-786F-4491-B6B9-F9BDA0853AD4}"
EndProject
Project("{8BC9CEB8-8B4A-11D0-8D11-00A0C91BC942}") = "2-E", "2-E\2-E.vcxproj", "{59DFA578-34EA-43DA-B08E-F75B9488EADF}"
EndProject
Project("{8BC9CEB8-8B4A-11D0-8D11-00A0C91BC942}") = "2-F", "2-F\2-F.vcxproj", "{0D9F018E-0BA5-4C08-92C2-9948135DE077}"
EndProject
Project("{8BC9CEB8-8B4A-11D0-8D11-00A0C91BC942}") = "2-G", "2-G\2-G.vcxproj", "{6F5BFABC-AB61-4510-BE93-C4F9090AB016}"
EndProject
Project("{8BC9CEB8-8B4A-11D0-8D11-00A0C91BC942}") = "2-H", "2-H\2-H.vcxproj", "{49DCC4ED-B19A-4F9B-92BB-7248569E3B98}"
EndProject
Project("{8BC9CEB8-8B4A-11D0-8D11-00A0C91BC942}") = "2-I", "2-I\2-I.vcxproj", "{7391BFFD-3591-42B3-9CD7-7F9FE2C9DEB4}"
EndProject
Project("{8BC9CEB8-8B4A-11D0-8D11-00A0C91BC942}") = "2-J", "2-J\2-J.vcxproj", "{82E732B6-57F5-42B5-8CBC-3BE080EA3603}"
EndProject
Project("{8BC9CEB8-8B4A-11D0-8D11-00A0C91BC942}") = "2-K", "2-K\2-K.vcxproj", "{509DF2A0-1D80-4B56-9BC5-2593C9441824}"
EndProject
Project("{8BC9CEB8-8B4A-11D0-8D11-00A0C91BC942}") = "2-L", "2-L\2-L.vcxproj", "{16B24CF8-204A-4EC3-992E-BA590CB94B58}"
EndProject
Project("{8BC9CEB8-8B4A-11D0-8D11-00A0C91BC942}") = "2-M", "2-M\2-M.vcxproj", "{1BC91C12-C918-448A-BDDA-3BEB461C51DF}"
EndProject
Project("{8BC9CEB8-8B4A-11D0-8D11-00A0C91BC942}") = "2-N", "2-N\2-N.vcxproj", "{A6AFA7F1-7EE8-4CDC-869F-EA500A3DB4C9}"
EndProject
Project("{8BC9CEB8-8B4A-11D0-8D11-00A0C91BC942}") = "2-O", "2-O\2-O.vcxproj", "{268D2885-CD61-46F0-AA9B-88AF61E4102F}"
EndProject
Project("{8BC9CEB8-8B4A-11D0-8D11-00A0C91BC942}") = "2-P", "2-P\2-P.vcxproj", "{51F1E857-5D3E-47EE-8A29-B675193B0256}"
EndProject
Project("{8BC9CEB8-8B4A-11D0-8D11-00A0C91BC942}") = "2-Q", "2-Q\2-Q.vcxproj", "{C7B6F107-FC28-463F-BA72-24938A0BC071}"
EndProject
Project("{8BC9CEB8-8B4A-11D0-8D11-00A0C91BC942}") = "2-R", "2-R\2-R.vcxproj", "{12BF7A41-FC5E-4F02-BAEB-E41617DEF8C9}"
EndProject
Project("{8BC9CEB8-8B4A-11D0-8D11-00A0C91BC942}") = "2-A_2", "2-A_2\2-A_2.vcxproj", "{DE7BE4DF-2226-4F3A-B38B-872AE18B8542}"
EndProject
Project("{8BC9CEB8-8B4A-11D0-8D11-00A0C91BC942}") = "2-B_2", "2-B_2\2-B_2.vcxproj", "{91E9E761-72C0-46C0-8A1F-6A0AC10FA419}"
EndProject
Project("{8BC9CEB8-8B4A-11D0-8D11-00A0C91BC942}") = "2-E_2", "2-E_2\2-E_2.vcxproj", "{1D35183C-67B1-4035-9952-4B1366E12473}"
EndProject
Project("{8BC9CEB8-8B4A-11D0-8D11-00A0C91BC942}") = "2-D_2", "2-D_2\2-D_2.vcxproj", "{90092EDA-6A1E-4B28-8DC7-D5517D9C7C56}"
EndProject
Project("{8BC9CEB8-8B4A-11D0-8D11-00A0C91BC942}") = "2-G_2", "2-G_2\2-G_2.vcxproj", "{D3693F14-85F3-48C6-9A4F-87984A208498}"
EndProject
Project("{8BC9CEB8-8B4A-11D0-8D11-00A0C91BC942}") = "2-C_2", "2-C_2\2-C_2.vcxproj", "{B23E0266-9BB2-45EC-8890-D268B4258E76}"
EndProject
Project("{8BC9CEB8-8B4A-11D0-8D11-00A0C91BC942}") = "2-F_2", "2-F_2\2-F_2.vcxproj", "{68D7AD97-CD31-453A-828B-332C5BD6DD34}"
EndProject
Global
	GlobalSection(SolutionConfigurationPlatforms) = preSolution
		Debug|x64 = Debug|x64
		Debug|x86 = Debug|x86
		Release|x64 = Release|x64
		Release|x86 = Release|x86
	EndGlobalSection
	GlobalSection(ProjectConfigurationPlatforms) = postSolution
		{A03786A9-7D52-4CBA-93B4-B5B9687BACCB}.Debug|x64.ActiveCfg = Debug|x64
		{A03786A9-7D52-4CBA-93B4-B5B9687BACCB}.Debug|x64.Build.0 = Debug|x64
		{A03786A9-7D52-4CBA-93B4-B5B9687BACCB}.Debug|x86.ActiveCfg = Debug|Win32
		{A03786A9-7D52-4CBA-93B4-B5B9687BACCB}.Debug|x86.Build.0 = Debug|Win32
		{A03786A9-7D52-4CBA-93B4-B5B9687BACCB}.Release|x64.ActiveCfg = Release|x64
		{A03786A9-7D52-4CBA-93B4-B5B9687BACCB}.Release|x64.Build.0 = Release|x64
		{A03786A9-7D52-4CBA-93B4-B5B9687BACCB}.Release|x86.ActiveCfg = Release|Win32
		{A03786A9-7D52-4CBA-93B4-B5B9687BACCB}.Release|x86.Build.0 = Release|Win32
		{902F73F9-B110-4DAC-A132-AE5352DFF6C9}.Debug|x64.ActiveCfg = Debug|x64
		{902F73F9-B110-4DAC-A132-AE5352DFF6C9}.Debug|x64.Build.0 = Debug|x64
		{902F73F9-B110-4DAC-A132-AE5352DFF6C9}.Debug|x86.ActiveCfg = Debug|Win32
		{902F73F9-B110-4DAC-A132-AE5352DFF6C9}.Debug|x86.Build.0 = Debug|Win32
		{902F73F9-B110-4DAC-A132-AE5352DFF6C9}.Release|x64.ActiveCfg = Release|x64
		{902F73F9-B110-4DAC-A132-AE5352DFF6C9}.Release|x64.Build.0 = Release|x64
		{902F73F9-B110-4DAC-A132-AE5352DFF6C9}.Release|x86.ActiveCfg = Release|Win32
		{902F73F9-B110-4DAC-A132-AE5352DFF6C9}.Release|x86.Build.0 = Release|Win32
		{20E6F59A-0FB3-42CC-86DF-4BC86611520F}.Debug|x64.ActiveCfg = Debug|x64
		{20E6F59A-0FB3-42CC-86DF-4BC86611520F}.Debug|x64.Build.0 = Debug|x64
		{20E6F59A-0FB3-42CC-86DF-4BC86611520F}.Debug|x86.ActiveCfg = Debug|Win32
		{20E6F59A-0FB3-42CC-86DF-4BC86611520F}.Debug|x86.Build.0 = Debug|Win32
		{20E6F59A-0FB3-42CC-86DF-4BC86611520F}.Release|x64.ActiveCfg = Release|x64
		{20E6F59A-0FB3-42CC-86DF-4BC86611520F}.Release|x64.Build.0 = Release|x64
		{20E6F59A-0FB3-42CC-86DF-4BC86611520F}.Release|x86.ActiveCfg = Release|Win32
		{20E6F59A-0FB3-42CC-86DF-4BC86611520F}.Release|x86.Build.0 = Release|Win32
		{E322A538-8C16-4AD4-8220-588BF4FE9847}.Debug|x64.ActiveCfg = Debug|x64
		{E322A538-8C16-4AD4-8220-588BF4FE9847}.Debug|x64.Build.0 = Debug|x64
		{E322A538-8C16-4AD4-8220-588BF4FE9847}.Debug|x86.ActiveCfg = Debug|Win32
		{E322A538-8C16-4AD4-8220-588BF4FE9847}.Debug|x86.Build.0 = Debug|Win32
		{E322A538-8C16-4AD4-8220-588BF4FE9847}.Release|x64.ActiveCfg = Release|x64
		{E322A538-8C16-4AD4-8220-588BF4FE9847}.Release|x64.Build.0 = Release|x64
		{E322A538-8C16-4AD4-8220-588BF4FE9847}.Release|x86.ActiveCfg = Release|Win32
		{E322A538-8C16-4AD4-8220-588BF4FE9847}.Release|x86.Build.0 = Release|Win32
		{03747AD2-786F-4491-B6B9-F9BDA0853AD4}.Debug|x64.ActiveCfg = Debug|x64
		{03747AD2-786F-4491-B6B9-F9BDA0853AD4}.Debug|x64.Build.0 = Debug|x64
		{03747AD2-786F-4491-B6B9-F9BDA0853AD4}.Debug|x86.ActiveCfg = Debug|Win32
		{03747AD2-786F-4491-B6B9-F9BDA0853AD4}.Debug|x86.Build.0 = Debug|Win32
		{03747AD2-786F-4491-B6B9-F9BDA0853AD4}.Release|x64.ActiveCfg = Release|x64
		{03747AD2-786F-4491-B6B9-F9BDA0853AD4}.Release|x64.Build.0 = Release|x64
		{03747AD2-786F-4491-B6B9-F9BDA0853AD4}.Release|x86.ActiveCfg = Release|Win32
		{03747AD2-786F-4491-B6B9-F9BDA0853AD4}.Release|x86.Build.0 = Release|Win32
		{59DFA578-34EA-43DA-B08E-F75B9488EADF}.Debug|x64.ActiveCfg = Debug|x64
		{59DFA578-34EA-43DA-B08E-F75B9488EADF}.Debug|x64.Build.0 = Debug|x64
		{59DFA578-34EA-43DA-B08E-F75B9488EADF}.Debug|x86.ActiveCfg = Debug|Win32
		{59DFA578-34EA-43DA-B08E-F75B9488EADF}.Debug|x86.Build.0 = Debug|Win32
		{59DFA578-34EA-43DA-B08E-F75B9488EADF}.Release|x64.ActiveCfg = Release|x64
		{59DFA578-34EA-43DA-B08E-F75B9488EADF}.Release|x64.Build.0 = Release|x64
		{59DFA578-34EA-43DA-B08E-F75B9488EADF}.Release|x86.ActiveCfg = Release|Win32
		{59DFA578-34EA-43DA-B08E-F75B9488EADF}.Release|x86.Build.0 = Release|Win32
		{0D9F018E-0BA5-4C08-92C2-9948135DE077}.Debug|x64.ActiveCfg = Debug|x64
		{0D9F018E-0BA5-4C08-92C2-9948135DE077}.Debug|x64.Build.0 = Debug|x64
		{0D9F018E-0BA5-4C08-92C2-9948135DE077}.Debug|x86.ActiveCfg = Debug|Win32
		{0D9F018E-0BA5-4C08-92C2-9948135DE077}.Debug|x86.Build.0 = Debug|Win32
		{0D9F018E-0BA5-4C08-92C2-9948135DE077}.Release|x64.ActiveCfg = Release|x64
		{0D9F018E-0BA5-4C08-92C2-9948135DE077}.Release|x64.Build.0 = Release|x64
		{0D9F018E-0BA5-4C08-92C2-9948135DE077}.Release|x86.ActiveCfg = Release|Win32
		{0D9F018E-0BA5-4C08-92C2-9948135DE077}.Release|x86.Build.0 = Release|Win32
		{6F5BFABC-AB61-4510-BE93-C4F9090AB016}.Debug|x64.ActiveCfg = Debug|x64
		{6F5BFABC-AB61-4510-BE93-C4F9090AB016}.Debug|x64.Build.0 = Debug|x64
		{6F5BFABC-AB61-4510-BE93-C4F9090AB016}.Debug|x86.ActiveCfg = Debug|Win32
		{6F5BFABC-AB61-4510-BE93-C4F9090AB016}.Debug|x86.Build.0 = Debug|Win32
		{6F5BFABC-AB61-4510-BE93-C4F9090AB016}.Release|x64.ActiveCfg = Release|x64
		{6F5BFABC-AB61-4510-BE93-C4F9090AB016}.Release|x64.Build.0 = Release|x64
		{6F5BFABC-AB61-4510-BE93-C4F9090AB016}.Release|x86.ActiveCfg = Release|Win32
		{6F5BFABC-AB61-4510-BE93-C4F9090AB016}.Release|x86.Build.0 = Release|Win32
		{49DCC4ED-B19A-4F9B-92BB-7248569E3B98}.Debug|x64.ActiveCfg = Debug|x64
		{49DCC4ED-B19A-4F9B-92BB-7248569E3B98}.Debug|x64.Build.0 = Debug|x64
		{49DCC4ED-B19A-4F9B-92BB-7248569E3B98}.Debug|x86.ActiveCfg = Debug|Win32
		{49DCC4ED-B19A-4F9B-92BB-7248569E3B98}.Debug|x86.Build.0 = Debug|Win32
		{49DCC4ED-B19A-4F9B-92BB-7248569E3B98}.Release|x64.ActiveCfg = Release|x64
		{49DCC4ED-B19A-4F9B-92BB-7248569E3B98}.Release|x64.Build.0 = Release|x64
		{49DCC4ED-B19A-4F9B-92BB-7248569E3B98}.Release|x86.ActiveCfg = Release|Win32
		{49DCC4ED-B19A-4F9B-92BB-7248569E3B98}.Release|x86.Build.0 = Release|Win32
		{7391BFFD-3591-42B3-9CD7-7F9FE2C9DEB4}.Debug|x64.ActiveCfg = Debug|x64
		{7391BFFD-3591-42B3-9CD7-7F9FE2C9DEB4}.Debug|x64.Build.0 = Debug|x64
		{7391BFFD-3591-42B3-9CD7-7F9FE2C9DEB4}.Debug|x86.ActiveCfg = Debug|Win32
		{7391BFFD-3591-42B3-9CD7-7F9FE2C9DEB4}.Debug|x86.Build.0 = Debug|Win32
		{7391BFFD-3591-42B3-9CD7-7F9FE2C9DEB4}.Release|x64.ActiveCfg = Release|x64
		{7391BFFD-3591-42B3-9CD7-7F9FE2C9DEB4}.Release|x64.Build.0 = Release|x64
		{7391BFFD-3591-42B3-9CD7-7F9FE2C9DEB4}.Release|x86.ActiveCfg = Release|Win32
		{7391BFFD-3591-42B3-9CD7-7F9FE2C9DEB4}.Release|x86.Build.0 = Release|Win32
		{82E732B6-57F5-42B5-8CBC-3BE080EA3603}.Debug|x64.ActiveCfg = Debug|x64
		{82E732B6-57F5-42B5-8CBC-3BE080EA3603}.Debug|x64.Build.0 = Debug|x64
		{82E732B6-57F5-42B5-8CBC-3BE080EA3603}.Debug|x86.ActiveCfg = Debug|Win32
		{82E732B6-57F5-42B5-8CBC-3BE080EA3603}.Debug|x86.Build.0 = Debug|Win32
		{82E732B6-57F5-42B5-8CBC-3BE080EA3603}.Release|x64.ActiveCfg = Release|x64
		{82E732B6-57F5-42B5-8CBC-3BE080EA3603}.Release|x64.Build.0 = Release|x64
		{82E732B6-57F5-42B5-8CBC-3BE080EA3603}.Release|x86.ActiveCfg = Release|Win32
		{82E732B6-57F5-42B5-8CBC-3BE080EA3603}.Release|x86.Build.0 = Release|Win32
		{509DF2A0-1D80-4B56-9BC5-2593C9441824}.Debug|x64.ActiveCfg = Debug|x64
		{509DF2A0-1D80-4B56-9BC5-2593C9441824}.Debug|x64.Build.0 = Debug|x64
		{509DF2A0-1D80-4B56-9BC5-2593C9441824}.Debug|x86.ActiveCfg = Debug|Win32
		{509DF2A0-1D80-4B56-9BC5-2593C9441824}.Debug|x86.Build.0 = Debug|Win32
		{509DF2A0-1D80-4B56-9BC5-2593C9441824}.Release|x64.ActiveCfg = Release|x64
		{509DF2A0-1D80-4B56-9BC5-2593C9441824}.Release|x64.Build.0 = Release|x64
		{509DF2A0-1D80-4B56-9BC5-2593C9441824}.Release|x86.ActiveCfg = Release|Win32
		{509DF2A0-1D80-4B56-9BC5-2593C9441824}.Release|x86.Build.0 = Release|Win32
		{16B24CF8-204A-4EC3-992E-BA590CB94B58}.Debug|x64.ActiveCfg = Debug|x64
		{16B24CF8-204A-4EC3-992E-BA590CB94B58}.Debug|x64.Build.0 = Debug|x64
		{16B24CF8-204A-4EC3-992E-BA590CB94B58}.Debug|x86.ActiveCfg = Debug|Win32
		{16B24CF8-204A-4EC3-992E-BA590CB94B58}.Debug|x86.Build.0 = Debug|Win32
		{16B24CF8-204A-4EC3-992E-BA590CB94B58}.Release|x64.ActiveCfg = Release|x64
		{16B24CF8-204A-4EC3-992E-BA590CB94B58}.Release|x64.Build.0 = Release|x64
		{16B24CF8-204A-4EC3-992E-BA590CB94B58}.Release|x86.ActiveCfg = Release|Win32
		{16B24CF8-204A-4EC3-992E-BA590CB94B58}.Release|x86.Build.0 = Release|Win32
		{1BC91C12-C918-448A-BDDA-3BEB461C51DF}.Debug|x64.ActiveCfg = Debug|x64
		{1BC91C12-C918-448A-BDDA-3BEB461C51DF}.Debug|x64.Build.0 = Debug|x64
		{1BC91C12-C918-448A-BDDA-3BEB461C51DF}.Debug|x86.ActiveCfg = Debug|Win32
		{1BC91C12-C918-448A-BDDA-3BEB461C51DF}.Debug|x86.Build.0 = Debug|Win32
		{1BC91C12-C918-448A-BDDA-3BEB461C51DF}.Release|x64.ActiveCfg = Release|x64
		{1BC91C12-C918-448A-BDDA-3BEB461C51DF}.Release|x64.Build.0 = Release|x64
		{1BC91C12-C918-448A-BDDA-3BEB461C51DF}.Release|x86.ActiveCfg = Release|Win32
		{1BC91C12-C918-448A-BDDA-3BEB461C51DF}.Release|x86.Build.0 = Release|Win32
		{A6AFA7F1-7EE8-4CDC-869F-EA500A3DB4C9}.Debug|x64.ActiveCfg = Debug|x64
		{A6AFA7F1-7EE8-4CDC-869F-EA500A3DB4C9}.Debug|x64.Build.0 = Debug|x64
		{A6AFA7F1-7EE8-4CDC-869F-EA500A3DB4C9}.Debug|x86.ActiveCfg = Debug|Win32
		{A6AFA7F1-7EE8-4CDC-869F-EA500A3DB4C9}.Debug|x86.Build.0 = Debug|Win32
		{A6AFA7F1-7EE8-4CDC-869F-EA500A3DB4C9}.Release|x64.ActiveCfg = Release|x64
		{A6AFA7F1-7EE8-4CDC-869F-EA500A3DB4C9}.Release|x64.Build.0 = Release|x64
		{A6AFA7F1-7EE8-4CDC-869F-EA500A3DB4C9}.Release|x86.ActiveCfg = Release|Win32
		{A6AFA7F1-7EE8-4CDC-869F-EA500A3DB4C9}.Release|x86.Build.0 = Release|Win32
		{268D2885-CD61-46F0-AA9B-88AF61E4102F}.Debug|x64.ActiveCfg = Debug|x64
		{268D2885-CD61-46F0-AA9B-88AF61E4102F}.Debug|x64.Build.0 = Debug|x64
		{268D2885-CD61-46F0-AA9B-88AF61E4102F}.Debug|x86.ActiveCfg = Debug|Win32
		{268D2885-CD61-46F0-AA9B-88AF61E4102F}.Debug|x86.Build.0 = Debug|Win32
		{268D2885-CD61-46F0-AA9B-88AF61E4102F}.Release|x64.ActiveCfg = Release|x64
		{268D2885-CD61-46F0-AA9B-88AF61E4102F}.Release|x64.Build.0 = Release|x64
		{268D2885-CD61-46F0-AA9B-88AF61E4102F}.Release|x86.ActiveCfg = Release|Win32
		{268D2885-CD61-46F0-AA9B-88AF61E4102F}.Release|x86.Build.0 = Release|Win32
		{51F1E857-5D3E-47EE-8A29-B675193B0256}.Debug|x64.ActiveCfg = Debug|x64
		{51F1E857-5D3E-47EE-8A29-B675193B0256}.Debug|x64.Build.0 = Debug|x64
		{51F1E857-5D3E-47EE-8A29-B675193B0256}.Debug|x86.ActiveCfg = Debug|Win32
		{51F1E857-5D3E-47EE-8A29-B675193B0256}.Debug|x86.Build.0 = Debug|Win32
		{51F1E857-5D3E-47EE-8A29-B675193B0256}.Release|x64.ActiveCfg = Release|x64
		{51F1E857-5D3E-47EE-8A29-B675193B0256}.Release|x64.Build.0 = Release|x64
		{51F1E857-5D3E-47EE-8A29-B675193B0256}.Release|x86.ActiveCfg = Release|Win32
		{51F1E857-5D3E-47EE-8A29-B675193B0256}.Release|x86.Build.0 = Release|Win32
		{C7B6F107-FC28-463F-BA72-24938A0BC071}.Debug|x64.ActiveCfg = Debug|x64
		{C7B6F107-FC28-463F-BA72-24938A0BC071}.Debug|x64.Build.0 = Debug|x64
		{C7B6F107-FC28-463F-BA72-24938A0BC071}.Debug|x86.ActiveCfg = Debug|Win32
		{C7B6F107-FC28-463F-BA72-24938A0BC071}.Debug|x86.Build.0 = Debug|Win32
		{C7B6F107-FC28-463F-BA72-24938A0BC071}.Release|x64.ActiveCfg = Release|x64
		{C7B6F107-FC28-463F-BA72-24938A0BC071}.Release|x64.Build.0 = Release|x64
		{C7B6F107-FC28-463F-BA72-24938A0BC071}.Release|x86.ActiveCfg = Release|Win32
		{C7B6F107-FC28-463F-BA72-24938A0BC071}.Release|x86.Build.0 = Release|Win32
		{12BF7A41-FC5E-4F02-BAEB-E41617DEF8C9}.Debug|x64.ActiveCfg = Debug|x64
		{12BF7A41-FC5E-4F02-BAEB-E41617DEF8C9}.Debug|x64.Build.0 = Debug|x64
		{12BF7A41-FC5E-4F02-BAEB-E41617DEF8C9}.Debug|x86.ActiveCfg = Debug|Win32
		{12BF7A41-FC5E-4F02-BAEB-E41617DEF8C9}.Debug|x86.Build.0 = Debug|Win32
		{12BF7A41-FC5E-4F02-BAEB-E41617DEF8C9}.Release|x64.ActiveCfg = Release|x64
		{12BF7A41-FC5E-4F02-BAEB-E41617DEF8C9}.Release|x64.Build.0 = Release|x64
		{12BF7A41-FC5E-4F02-BAEB-E41617DEF8C9}.Release|x86.ActiveCfg = Release|Win32
		{12BF7A41-FC5E-4F02-BAEB-E41617DEF8C9}.Release|x86.Build.0 = Release|Win32
		{DE7BE4DF-2226-4F3A-B38B-872AE18B8542}.Debug|x64.ActiveCfg = Debug|x64
		{DE7BE4DF-2226-4F3A-B38B-872AE18B8542}.Debug|x64.Build.0 = Debug|x64
		{DE7BE4DF-2226-4F3A-B38B-872AE18B8542}.Debug|x86.ActiveCfg = Debug|Win32
		{DE7BE4DF-2226-4F3A-B38B-872AE18B8542}.Debug|x86.Build.0 = Debug|Win32
		{DE7BE4DF-2226-4F3A-B38B-872AE18B8542}.Release|x64.ActiveCfg = Release|x64
		{DE7BE4DF-2226-4F3A-B38B-872AE18B8542}.Release|x64.Build.0 = Release|x64
		{DE7BE4DF-2226-4F3A-B38B-872AE18B8542}.Release|x86.ActiveCfg = Release|Win32
		{DE7BE4DF-2226-4F3A-B38B-872AE18B8542}.Release|x86.Build.0 = Release|Win32
		{91E9E761-72C0-46C0-8A1F-6A0AC10FA419}.Debug|x64.ActiveCfg = Debug|x64
		{91E9E761-72C0-46C0-8A1F-6A0AC10FA419}.Debug|x64.Build.0 = Debug|x64
		{91E9E761-72C0-46C0-8A1F-6A0AC10FA419}.Debug|x86.ActiveCfg = Debug|Win32
		{91E9E761-72C0-46C0-8A1F-6A0AC10FA419}.Debug|x86.Build.0 = Debug|Win32
		{91E9E761-72C0-46C0-8A1F-6A0AC10FA419}.Release|x64.ActiveCfg = Release|x64
		{91E9E761-72C0-46C0-8A1F-6A0AC10FA419}.Release|x64.Build.0 = Release|x64
		{91E9E761-72C0-46C0-8A1F-6A0AC10FA419}.Release|x86.ActiveCfg = Release|Win32
		{91E9E761-72C0-46C0-8A1F-6A0AC10FA419}.Release|x86.Build.0 = Release|Win32
		{1D35183C-67B1-4035-9952-4B1366E12473}.Debug|x64.ActiveCfg = Debug|x64
		{1D35183C-67B1-4035-9952-4B1366E12473}.Debug|x64.Build.0 = Debug|x64
		{1D35183C-67B1-4035-9952-4B1366E12473}.Debug|x86.ActiveCfg = Debug|Win32
		{1D35183C-67B1-4035-9952-4B1366E12473}.Debug|x86.Build.0 = Debug|Win32
		{1D35183C-67B1-4035-9952-4B1366E12473}.Release|x64.ActiveCfg = Release|x64
		{1D35183C-67B1-4035-9952-4B1366E12473}.Release|x64.Build.0 = Release|x64
		{1D35183C-67B1-4035-9952-4B1366E12473}.Release|x86.ActiveCfg = Release|Win32
		{1D35183C-67B1-4035-9952-4B1366E12473}.Release|x86.Build.0 = Release|Win32
		{90092EDA-6A1E-4B28-8DC7-D5517D9C7C56}.Debug|x64.ActiveCfg = Debug|x64
		{90092EDA-6A1E-4B28-8DC7-D5517D9C7C56}.Debug|x64.Build.0 = Debug|x64
		{90092EDA-6A1E-4B28-8DC7-D5517D9C7C56}.Debug|x86.ActiveCfg = Debug|Win32
		{90092EDA-6A1E-4B28-8DC7-D5517D9C7C56}.Debug|x86.Build.0 = Debug|Win32
		{90092EDA-6A1E-4B28-8DC7-D5517D9C7C56}.Release|x64.ActiveCfg = Release|x64
		{90092EDA-6A1E-4B28-8DC7-D5517D9C7C56}.Release|x64.Build.0 = Release|x64
		{90092EDA-6A1E-4B28-8DC7-D5517D9C7C56}.Release|x86.ActiveCfg = Release|Win32
		{90092EDA-6A1E-4B28-8DC7-D5517D9C7C56}.Release|x86.Build.0 = Release|Win32
		{D3693F14-85F3-48C6-9A4F-87984A208498}.Debug|x64.ActiveCfg = Debug|x64
		{D3693F14-85F3-48C6-9A4F-87984A208498}.Debug|x64.Build.0 = Debug|x64
		{D3693F14-85F3-48C6-9A4F-87984A208498}.Debug|x86.ActiveCfg = Debug|Win32
		{D3693F14-85F3-48C6-9A4F-87984A208498}.Debug|x86.Build.0 = Debug|Win32
		{D3693F14-85F3-48C6-9A4F-87984A208498}.Release|x64.ActiveCfg = Release|x64
		{D3693F14-85F3-48C6-9A4F-87984A208498}.Release|x64.Build.0 = Release|x64
		{D3693F14-85F3-48C6-9A4F-87984A208498}.Release|x86.ActiveCfg = Release|Win32
		{D3693F14-85F3-48C6-9A4F-87984A208498}.Release|x86.Build.0 = Release|Win32
		{B23E0266-9BB2-45EC-8890-D268B4258E76}.Debug|x64.ActiveCfg = Debug|x64
		{B23E0266-9BB2-45EC-8890-D268B4258E76}.Debug|x64.Build.0 = Debug|x64
		{B23E0266-9BB2-45EC-8890-D268B4258E76}.Debug|x86.ActiveCfg = Debug|Win32
		{B23E0266-9BB2-45EC-8890-D268B4258E76}.Debug|x86.Build.0 = Debug|Win32
		{B23E0266-9BB2-45EC-8890-D268B4258E76}.Release|x64.ActiveCfg = Release|x64
		{B23E0266-9BB2-45EC-8890-D268B4258E76}.Release|x64.Build.0 = Release|x64
		{B23E0266-9BB2-45EC-8890-D268B4258E76}.Release|x86.ActiveCfg = Release|Win32
		{B23E0266-9BB2-45EC-8890-D268B4258E76}.Release|x86.Build.0 = Release|Win32
		{68D7AD97-CD31-453A-828B-332C5BD6DD34}.Debug|x64.ActiveCfg = Debug|x64
		{68D7AD97-CD31-453A-828B-332C5BD6DD34}.Debug|x64.Build.0 = Debug|x64
		{68D7AD97-CD31-453A-828B-332C5BD6DD34}.Debug|x86.ActiveCfg = Debug|Win32
		{68D7AD97-CD31-453A-828B-332C5BD6DD34}.Debug|x86.Build.0 = Debug|Win32
		{68D7AD97-CD31-453A-828B-332C5BD6DD34}.Release|x64.ActiveCfg = Release|x64
		{68D7AD97-CD31-453A-828B-332C5BD6DD34}.Release|x64.Build.0 = Release|x64
		{68D7AD97-CD31-453A-828B-332C5BD6DD34}.Release|x86.ActiveCfg = Release|Win32
		{68D7AD97-CD31-453A-828B-332C5BD6DD34}.Release|x86.Build.0 = Release|Win32
	EndGlobalSection
	GlobalSection(SolutionProperties) = preSolution
		HideSolutionNode = FALSE
	EndGlobalSection
	GlobalSection(ExtensibilityGlobals) = postSolution
		SolutionGuid = {8A471C9E-3D17-4BF1-B35D-7810B4123084}
	EndGlobalSection
EndGlobal
