
Microsoft Visual Studio Solution File, Format Version 12.00
# Visual Studio Version 17
VisualStudioVersion = 17.9.34622.214
MinimumVisualStudioVersion = 10.0.40219.1
Project("{8BC9CEB8-8B4A-11D0-8D11-00A0C91BC942}") = "1-A", "1_Week_question\1_Week_question.vcxproj", "{1CEC70AA-C42A-4321-AF23-8C492D9DB9ED}"
EndProject
Project("{8BC9CEB8-8B4A-11D0-8D11-00A0C91BC942}") = "1-B", "1-B\1-B.vcxproj", "{67521C6B-B975-4A89-A4BE-BA73249FDD52}"
EndProject
Project("{8BC9CEB8-8B4A-11D0-8D11-00A0C91BC942}") = "1-C", "1-C\1-C.vcxproj", "{037A3B4A-4DE5-4466-92F8-59CE341AC9FD}"
EndProject
Project("{8BC9CEB8-8B4A-11D0-8D11-00A0C91BC942}") = "1-D", "1-D\1-D.vcxproj", "{FF9E9B48-54FB-4DEA-A01D-514366303BD8}"
EndProject
Project("{8BC9CEB8-8B4A-11D0-8D11-00A0C91BC942}") = "1-E", "1-E\1-E.vcxproj", "{2C890409-2978-4DCB-9302-5723FBCB545B}"
EndProject
Project("{8BC9CEB8-8B4A-11D0-8D11-00A0C91BC942}") = "1-F", "1-F\1-F.vcxproj", "{C66D32B3-CB16-4038-AAB1-06831432F7A9}"
EndProject
Project("{8BC9CEB8-8B4A-11D0-8D11-00A0C91BC942}") = "1-G", "1-G\1-G.vcxproj", "{35EBD521-C3BA-4D25-B424-028C49705B4C}"
EndProject
Project("{8BC9CEB8-8B4A-11D0-8D11-00A0C91BC942}") = "1-H", "1-H\1-H.vcxproj", "{C16E6F10-508E-44CA-B3A5-2E9293E3CC5C}"
EndProject
Project("{8BC9CEB8-8B4A-11D0-8D11-00A0C91BC942}") = "1-I", "1-I\1-I.vcxproj", "{3D975F08-B2B9-4C55-8AB0-29EDECC80F72}"
EndProject
Project("{8BC9CEB8-8B4A-11D0-8D11-00A0C91BC942}") = "1-J", "1-J\1-J.vcxproj", "{8B85FA02-A611-4279-8008-B26AD4B2893A}"
EndProject
Project("{8BC9CEB8-8B4A-11D0-8D11-00A0C91BC942}") = "1-K", "1-K\1-K.vcxproj", "{4567FEB6-0801-4775-8111-E4174515A88D}"
EndProject
Project("{8BC9CEB8-8B4A-11D0-8D11-00A0C91BC942}") = "1-L", "1-L\1-L.vcxproj", "{A1D07B4C-30F5-4050-A1B1-E98DB8E81894}"
EndProject
Project("{8BC9CEB8-8B4A-11D0-8D11-00A0C91BC942}") = "1-M", "1-M\1-M.vcxproj", "{9293DE80-767A-4F15-8C13-E666BFEDC38F}"
EndProject
Project("{8BC9CEB8-8B4A-11D0-8D11-00A0C91BC942}") = "1-N", "1-N\1-N.vcxproj", "{EB398B97-340E-4E5C-B389-8F3F23024455}"
EndProject
Project("{8BC9CEB8-8B4A-11D0-8D11-00A0C91BC942}") = "1-O", "1-O\1-O.vcxproj", "{0E9F212F-888E-4EC7-9A2A-EE827C75885A}"
EndProject
Project("{8BC9CEB8-8B4A-11D0-8D11-00A0C91BC942}") = "1-A_2", "1-A_2\1-A_2.vcxproj", "{48FBA2DF-BB47-4630-87A0-1EF7D8A74D89}"
EndProject
Project("{8BC9CEB8-8B4A-11D0-8D11-00A0C91BC942}") = "1-F_2", "1-F_2\1-F_2.vcxproj", "{12FCC207-3EC8-48B6-AC8E-95107C147A83}"
EndProject
Project("{8BC9CEB8-8B4A-11D0-8D11-00A0C91BC942}") = "1-G_2", "1-G_2\1-G_2.vcxproj", "{5FFA0167-51D8-4469-ABAF-FB4CB4AC01EE}"
EndProject
Project("{8BC9CEB8-8B4A-11D0-8D11-00A0C91BC942}") = "1-B_2", "1-B_2\1-B_2.vcxproj", "{637567F5-7168-4DD0-92A5-2E5C202DD5B0}"
EndProject
Project("{8BC9CEB8-8B4A-11D0-8D11-00A0C91BC942}") = "1-C_2", "1-C_2\1-C_2.vcxproj", "{2D1641B9-12AD-4218-82DB-F5D02597D12E}"
EndProject
Project("{8BC9CEB8-8B4A-11D0-8D11-00A0C91BC942}") = "1-D_2", "1-D_2\1-D_2.vcxproj", "{CCC6DCC4-B131-4857-A894-9772447B67CA}"
EndProject
Project("{8BC9CEB8-8B4A-11D0-8D11-00A0C91BC942}") = "1-E_2", "1-E_2\1-E_2.vcxproj", "{D7D6E585-60FE-4A00-9280-3420B680E488}"
EndProject
Project("{8BC9CEB8-8B4A-11D0-8D11-00A0C91BC942}") = "1-H_2", "1-H_2\1-H_2.vcxproj", "{46BEE9EA-BCE0-4A0C-94C7-F1B5866C2800}"
EndProject
Project("{8BC9CEB8-8B4A-11D0-8D11-00A0C91BC942}") = "1-J_2", "1-J_2\1-J_2.vcxproj", "{D12BBC0B-5F8A-46B9-BA4D-7883C0BE6EA0}"
EndProject
Project("{8BC9CEB8-8B4A-11D0-8D11-00A0C91BC942}") = "1-L_2", "1-L_2\1-L_2.vcxproj", "{340F6FAF-3735-4190-87D8-34BDE7F2EF06}"
EndProject
Project("{8BC9CEB8-8B4A-11D0-8D11-00A0C91BC942}") = "1-M_2", "1-M_2\1-M_2.vcxproj", "{6E3323AD-09F3-4737-8C2E-1140F293D5D0}"
EndProject
Project("{8BC9CEB8-8B4A-11D0-8D11-00A0C91BC942}") = "1-N_2", "1-N_2\1-N_2.vcxproj", "{ABAB466B-A404-41C5-AF58-0FF5B38DC232}"
EndProject
Global
	GlobalSection(SolutionConfigurationPlatforms) = preSolution
		Debug|x64 = Debug|x64
		Debug|x86 = Debug|x86
		Release|x64 = Release|x64
		Release|x86 = Release|x86
	EndGlobalSection
	GlobalSection(ProjectConfigurationPlatforms) = postSolution
		{1CEC70AA-C42A-4321-AF23-8C492D9DB9ED}.Debug|x64.ActiveCfg = Debug|x64
		{1CEC70AA-C42A-4321-AF23-8C492D9DB9ED}.Debug|x64.Build.0 = Debug|x64
		{1CEC70AA-C42A-4321-AF23-8C492D9DB9ED}.Debug|x86.ActiveCfg = Debug|Win32
		{1CEC70AA-C42A-4321-AF23-8C492D9DB9ED}.Debug|x86.Build.0 = Debug|Win32
		{1CEC70AA-C42A-4321-AF23-8C492D9DB9ED}.Release|x64.ActiveCfg = Release|x64
		{1CEC70AA-C42A-4321-AF23-8C492D9DB9ED}.Release|x64.Build.0 = Release|x64
		{1CEC70AA-C42A-4321-AF23-8C492D9DB9ED}.Release|x86.ActiveCfg = Release|Win32
		{1CEC70AA-C42A-4321-AF23-8C492D9DB9ED}.Release|x86.Build.0 = Release|Win32
		{67521C6B-B975-4A89-A4BE-BA73249FDD52}.Debug|x64.ActiveCfg = Debug|x64
		{67521C6B-B975-4A89-A4BE-BA73249FDD52}.Debug|x64.Build.0 = Debug|x64
		{67521C6B-B975-4A89-A4BE-BA73249FDD52}.Debug|x86.ActiveCfg = Debug|Win32
		{67521C6B-B975-4A89-A4BE-BA73249FDD52}.Debug|x86.Build.0 = Debug|Win32
		{67521C6B-B975-4A89-A4BE-BA73249FDD52}.Release|x64.ActiveCfg = Release|x64
		{67521C6B-B975-4A89-A4BE-BA73249FDD52}.Release|x64.Build.0 = Release|x64
		{67521C6B-B975-4A89-A4BE-BA73249FDD52}.Release|x86.ActiveCfg = Release|Win32
		{67521C6B-B975-4A89-A4BE-BA73249FDD52}.Release|x86.Build.0 = Release|Win32
		{037A3B4A-4DE5-4466-92F8-59CE341AC9FD}.Debug|x64.ActiveCfg = Debug|x64
		{037A3B4A-4DE5-4466-92F8-59CE341AC9FD}.Debug|x64.Build.0 = Debug|x64
		{037A3B4A-4DE5-4466-92F8-59CE341AC9FD}.Debug|x86.ActiveCfg = Debug|Win32
		{037A3B4A-4DE5-4466-92F8-59CE341AC9FD}.Debug|x86.Build.0 = Debug|Win32
		{037A3B4A-4DE5-4466-92F8-59CE341AC9FD}.Release|x64.ActiveCfg = Release|x64
		{037A3B4A-4DE5-4466-92F8-59CE341AC9FD}.Release|x64.Build.0 = Release|x64
		{037A3B4A-4DE5-4466-92F8-59CE341AC9FD}.Release|x86.ActiveCfg = Release|Win32
		{037A3B4A-4DE5-4466-92F8-59CE341AC9FD}.Release|x86.Build.0 = Release|Win32
		{FF9E9B48-54FB-4DEA-A01D-514366303BD8}.Debug|x64.ActiveCfg = Debug|x64
		{FF9E9B48-54FB-4DEA-A01D-514366303BD8}.Debug|x64.Build.0 = Debug|x64
		{FF9E9B48-54FB-4DEA-A01D-514366303BD8}.Debug|x86.ActiveCfg = Debug|Win32
		{FF9E9B48-54FB-4DEA-A01D-514366303BD8}.Debug|x86.Build.0 = Debug|Win32
		{FF9E9B48-54FB-4DEA-A01D-514366303BD8}.Release|x64.ActiveCfg = Release|x64
		{FF9E9B48-54FB-4DEA-A01D-514366303BD8}.Release|x64.Build.0 = Release|x64
		{FF9E9B48-54FB-4DEA-A01D-514366303BD8}.Release|x86.ActiveCfg = Release|Win32
		{FF9E9B48-54FB-4DEA-A01D-514366303BD8}.Release|x86.Build.0 = Release|Win32
		{2C890409-2978-4DCB-9302-5723FBCB545B}.Debug|x64.ActiveCfg = Debug|x64
		{2C890409-2978-4DCB-9302-5723FBCB545B}.Debug|x64.Build.0 = Debug|x64
		{2C890409-2978-4DCB-9302-5723FBCB545B}.Debug|x86.ActiveCfg = Debug|Win32
		{2C890409-2978-4DCB-9302-5723FBCB545B}.Debug|x86.Build.0 = Debug|Win32
		{2C890409-2978-4DCB-9302-5723FBCB545B}.Release|x64.ActiveCfg = Release|x64
		{2C890409-2978-4DCB-9302-5723FBCB545B}.Release|x64.Build.0 = Release|x64
		{2C890409-2978-4DCB-9302-5723FBCB545B}.Release|x86.ActiveCfg = Release|Win32
		{2C890409-2978-4DCB-9302-5723FBCB545B}.Release|x86.Build.0 = Release|Win32
		{C66D32B3-CB16-4038-AAB1-06831432F7A9}.Debug|x64.ActiveCfg = Debug|x64
		{C66D32B3-CB16-4038-AAB1-06831432F7A9}.Debug|x64.Build.0 = Debug|x64
		{C66D32B3-CB16-4038-AAB1-06831432F7A9}.Debug|x86.ActiveCfg = Debug|Win32
		{C66D32B3-CB16-4038-AAB1-06831432F7A9}.Debug|x86.Build.0 = Debug|Win32
		{C66D32B3-CB16-4038-AAB1-06831432F7A9}.Release|x64.ActiveCfg = Release|x64
		{C66D32B3-CB16-4038-AAB1-06831432F7A9}.Release|x64.Build.0 = Release|x64
		{C66D32B3-CB16-4038-AAB1-06831432F7A9}.Release|x86.ActiveCfg = Release|Win32
		{C66D32B3-CB16-4038-AAB1-06831432F7A9}.Release|x86.Build.0 = Release|Win32
		{35EBD521-C3BA-4D25-B424-028C49705B4C}.Debug|x64.ActiveCfg = Debug|x64
		{35EBD521-C3BA-4D25-B424-028C49705B4C}.Debug|x64.Build.0 = Debug|x64
		{35EBD521-C3BA-4D25-B424-028C49705B4C}.Debug|x86.ActiveCfg = Debug|Win32
		{35EBD521-C3BA-4D25-B424-028C49705B4C}.Debug|x86.Build.0 = Debug|Win32
		{35EBD521-C3BA-4D25-B424-028C49705B4C}.Release|x64.ActiveCfg = Release|x64
		{35EBD521-C3BA-4D25-B424-028C49705B4C}.Release|x64.Build.0 = Release|x64
		{35EBD521-C3BA-4D25-B424-028C49705B4C}.Release|x86.ActiveCfg = Release|Win32
		{35EBD521-C3BA-4D25-B424-028C49705B4C}.Release|x86.Build.0 = Release|Win32
		{C16E6F10-508E-44CA-B3A5-2E9293E3CC5C}.Debug|x64.ActiveCfg = Debug|x64
		{C16E6F10-508E-44CA-B3A5-2E9293E3CC5C}.Debug|x64.Build.0 = Debug|x64
		{C16E6F10-508E-44CA-B3A5-2E9293E3CC5C}.Debug|x86.ActiveCfg = Debug|Win32
		{C16E6F10-508E-44CA-B3A5-2E9293E3CC5C}.Debug|x86.Build.0 = Debug|Win32
		{C16E6F10-508E-44CA-B3A5-2E9293E3CC5C}.Release|x64.ActiveCfg = Release|x64
		{C16E6F10-508E-44CA-B3A5-2E9293E3CC5C}.Release|x64.Build.0 = Release|x64
		{C16E6F10-508E-44CA-B3A5-2E9293E3CC5C}.Release|x86.ActiveCfg = Release|Win32
		{C16E6F10-508E-44CA-B3A5-2E9293E3CC5C}.Release|x86.Build.0 = Release|Win32
		{3D975F08-B2B9-4C55-8AB0-29EDECC80F72}.Debug|x64.ActiveCfg = Debug|x64
		{3D975F08-B2B9-4C55-8AB0-29EDECC80F72}.Debug|x64.Build.0 = Debug|x64
		{3D975F08-B2B9-4C55-8AB0-29EDECC80F72}.Debug|x86.ActiveCfg = Debug|Win32
		{3D975F08-B2B9-4C55-8AB0-29EDECC80F72}.Debug|x86.Build.0 = Debug|Win32
		{3D975F08-B2B9-4C55-8AB0-29EDECC80F72}.Release|x64.ActiveCfg = Release|x64
		{3D975F08-B2B9-4C55-8AB0-29EDECC80F72}.Release|x64.Build.0 = Release|x64
		{3D975F08-B2B9-4C55-8AB0-29EDECC80F72}.Release|x86.ActiveCfg = Release|Win32
		{3D975F08-B2B9-4C55-8AB0-29EDECC80F72}.Release|x86.Build.0 = Release|Win32
		{8B85FA02-A611-4279-8008-B26AD4B2893A}.Debug|x64.ActiveCfg = Debug|x64
		{8B85FA02-A611-4279-8008-B26AD4B2893A}.Debug|x64.Build.0 = Debug|x64
		{8B85FA02-A611-4279-8008-B26AD4B2893A}.Debug|x86.ActiveCfg = Debug|Win32
		{8B85FA02-A611-4279-8008-B26AD4B2893A}.Debug|x86.Build.0 = Debug|Win32
		{8B85FA02-A611-4279-8008-B26AD4B2893A}.Release|x64.ActiveCfg = Release|x64
		{8B85FA02-A611-4279-8008-B26AD4B2893A}.Release|x64.Build.0 = Release|x64
		{8B85FA02-A611-4279-8008-B26AD4B2893A}.Release|x86.ActiveCfg = Release|Win32
		{8B85FA02-A611-4279-8008-B26AD4B2893A}.Release|x86.Build.0 = Release|Win32
		{4567FEB6-0801-4775-8111-E4174515A88D}.Debug|x64.ActiveCfg = Debug|x64
		{4567FEB6-0801-4775-8111-E4174515A88D}.Debug|x64.Build.0 = Debug|x64
		{4567FEB6-0801-4775-8111-E4174515A88D}.Debug|x86.ActiveCfg = Debug|Win32
		{4567FEB6-0801-4775-8111-E4174515A88D}.Debug|x86.Build.0 = Debug|Win32
		{4567FEB6-0801-4775-8111-E4174515A88D}.Release|x64.ActiveCfg = Release|x64
		{4567FEB6-0801-4775-8111-E4174515A88D}.Release|x64.Build.0 = Release|x64
		{4567FEB6-0801-4775-8111-E4174515A88D}.Release|x86.ActiveCfg = Release|Win32
		{4567FEB6-0801-4775-8111-E4174515A88D}.Release|x86.Build.0 = Release|Win32
		{A1D07B4C-30F5-4050-A1B1-E98DB8E81894}.Debug|x64.ActiveCfg = Debug|x64
		{A1D07B4C-30F5-4050-A1B1-E98DB8E81894}.Debug|x64.Build.0 = Debug|x64
		{A1D07B4C-30F5-4050-A1B1-E98DB8E81894}.Debug|x86.ActiveCfg = Debug|Win32
		{A1D07B4C-30F5-4050-A1B1-E98DB8E81894}.Debug|x86.Build.0 = Debug|Win32
		{A1D07B4C-30F5-4050-A1B1-E98DB8E81894}.Release|x64.ActiveCfg = Release|x64
		{A1D07B4C-30F5-4050-A1B1-E98DB8E81894}.Release|x64.Build.0 = Release|x64
		{A1D07B4C-30F5-4050-A1B1-E98DB8E81894}.Release|x86.ActiveCfg = Release|Win32
		{A1D07B4C-30F5-4050-A1B1-E98DB8E81894}.Release|x86.Build.0 = Release|Win32
		{9293DE80-767A-4F15-8C13-E666BFEDC38F}.Debug|x64.ActiveCfg = Debug|x64
		{9293DE80-767A-4F15-8C13-E666BFEDC38F}.Debug|x64.Build.0 = Debug|x64
		{9293DE80-767A-4F15-8C13-E666BFEDC38F}.Debug|x86.ActiveCfg = Debug|Win32
		{9293DE80-767A-4F15-8C13-E666BFEDC38F}.Debug|x86.Build.0 = Debug|Win32
		{9293DE80-767A-4F15-8C13-E666BFEDC38F}.Release|x64.ActiveCfg = Release|x64
		{9293DE80-767A-4F15-8C13-E666BFEDC38F}.Release|x64.Build.0 = Release|x64
		{9293DE80-767A-4F15-8C13-E666BFEDC38F}.Release|x86.ActiveCfg = Release|Win32
		{9293DE80-767A-4F15-8C13-E666BFEDC38F}.Release|x86.Build.0 = Release|Win32
		{EB398B97-340E-4E5C-B389-8F3F23024455}.Debug|x64.ActiveCfg = Debug|x64
		{EB398B97-340E-4E5C-B389-8F3F23024455}.Debug|x64.Build.0 = Debug|x64
		{EB398B97-340E-4E5C-B389-8F3F23024455}.Debug|x86.ActiveCfg = Debug|Win32
		{EB398B97-340E-4E5C-B389-8F3F23024455}.Debug|x86.Build.0 = Debug|Win32
		{EB398B97-340E-4E5C-B389-8F3F23024455}.Release|x64.ActiveCfg = Release|x64
		{EB398B97-340E-4E5C-B389-8F3F23024455}.Release|x64.Build.0 = Release|x64
		{EB398B97-340E-4E5C-B389-8F3F23024455}.Release|x86.ActiveCfg = Release|Win32
		{EB398B97-340E-4E5C-B389-8F3F23024455}.Release|x86.Build.0 = Release|Win32
		{0E9F212F-888E-4EC7-9A2A-EE827C75885A}.Debug|x64.ActiveCfg = Debug|x64
		{0E9F212F-888E-4EC7-9A2A-EE827C75885A}.Debug|x64.Build.0 = Debug|x64
		{0E9F212F-888E-4EC7-9A2A-EE827C75885A}.Debug|x86.ActiveCfg = Debug|Win32
		{0E9F212F-888E-4EC7-9A2A-EE827C75885A}.Debug|x86.Build.0 = Debug|Win32
		{0E9F212F-888E-4EC7-9A2A-EE827C75885A}.Release|x64.ActiveCfg = Release|x64
		{0E9F212F-888E-4EC7-9A2A-EE827C75885A}.Release|x64.Build.0 = Release|x64
		{0E9F212F-888E-4EC7-9A2A-EE827C75885A}.Release|x86.ActiveCfg = Release|Win32
		{0E9F212F-888E-4EC7-9A2A-EE827C75885A}.Release|x86.Build.0 = Release|Win32
		{48FBA2DF-BB47-4630-87A0-1EF7D8A74D89}.Debug|x64.ActiveCfg = Debug|x64
		{48FBA2DF-BB47-4630-87A0-1EF7D8A74D89}.Debug|x64.Build.0 = Debug|x64
		{48FBA2DF-BB47-4630-87A0-1EF7D8A74D89}.Debug|x86.ActiveCfg = Debug|Win32
		{48FBA2DF-BB47-4630-87A0-1EF7D8A74D89}.Debug|x86.Build.0 = Debug|Win32
		{48FBA2DF-BB47-4630-87A0-1EF7D8A74D89}.Release|x64.ActiveCfg = Release|x64
		{48FBA2DF-BB47-4630-87A0-1EF7D8A74D89}.Release|x64.Build.0 = Release|x64
		{48FBA2DF-BB47-4630-87A0-1EF7D8A74D89}.Release|x86.ActiveCfg = Release|Win32
		{48FBA2DF-BB47-4630-87A0-1EF7D8A74D89}.Release|x86.Build.0 = Release|Win32
		{12FCC207-3EC8-48B6-AC8E-95107C147A83}.Debug|x64.ActiveCfg = Debug|x64
		{12FCC207-3EC8-48B6-AC8E-95107C147A83}.Debug|x64.Build.0 = Debug|x64
		{12FCC207-3EC8-48B6-AC8E-95107C147A83}.Debug|x86.ActiveCfg = Debug|Win32
		{12FCC207-3EC8-48B6-AC8E-95107C147A83}.Debug|x86.Build.0 = Debug|Win32
		{12FCC207-3EC8-48B6-AC8E-95107C147A83}.Release|x64.ActiveCfg = Release|x64
		{12FCC207-3EC8-48B6-AC8E-95107C147A83}.Release|x64.Build.0 = Release|x64
		{12FCC207-3EC8-48B6-AC8E-95107C147A83}.Release|x86.ActiveCfg = Release|Win32
		{12FCC207-3EC8-48B6-AC8E-95107C147A83}.Release|x86.Build.0 = Release|Win32
		{5FFA0167-51D8-4469-ABAF-FB4CB4AC01EE}.Debug|x64.ActiveCfg = Debug|x64
		{5FFA0167-51D8-4469-ABAF-FB4CB4AC01EE}.Debug|x64.Build.0 = Debug|x64
		{5FFA0167-51D8-4469-ABAF-FB4CB4AC01EE}.Debug|x86.ActiveCfg = Debug|Win32
		{5FFA0167-51D8-4469-ABAF-FB4CB4AC01EE}.Debug|x86.Build.0 = Debug|Win32
		{5FFA0167-51D8-4469-ABAF-FB4CB4AC01EE}.Release|x64.ActiveCfg = Release|x64
		{5FFA0167-51D8-4469-ABAF-FB4CB4AC01EE}.Release|x64.Build.0 = Release|x64
		{5FFA0167-51D8-4469-ABAF-FB4CB4AC01EE}.Release|x86.ActiveCfg = Release|Win32
		{5FFA0167-51D8-4469-ABAF-FB4CB4AC01EE}.Release|x86.Build.0 = Release|Win32
		{637567F5-7168-4DD0-92A5-2E5C202DD5B0}.Debug|x64.ActiveCfg = Debug|x64
		{637567F5-7168-4DD0-92A5-2E5C202DD5B0}.Debug|x64.Build.0 = Debug|x64
		{637567F5-7168-4DD0-92A5-2E5C202DD5B0}.Debug|x86.ActiveCfg = Debug|Win32
		{637567F5-7168-4DD0-92A5-2E5C202DD5B0}.Debug|x86.Build.0 = Debug|Win32
		{637567F5-7168-4DD0-92A5-2E5C202DD5B0}.Release|x64.ActiveCfg = Release|x64
		{637567F5-7168-4DD0-92A5-2E5C202DD5B0}.Release|x64.Build.0 = Release|x64
		{637567F5-7168-4DD0-92A5-2E5C202DD5B0}.Release|x86.ActiveCfg = Release|Win32
		{637567F5-7168-4DD0-92A5-2E5C202DD5B0}.Release|x86.Build.0 = Release|Win32
		{2D1641B9-12AD-4218-82DB-F5D02597D12E}.Debug|x64.ActiveCfg = Debug|x64
		{2D1641B9-12AD-4218-82DB-F5D02597D12E}.Debug|x64.Build.0 = Debug|x64
		{2D1641B9-12AD-4218-82DB-F5D02597D12E}.Debug|x86.ActiveCfg = Debug|Win32
		{2D1641B9-12AD-4218-82DB-F5D02597D12E}.Debug|x86.Build.0 = Debug|Win32
		{2D1641B9-12AD-4218-82DB-F5D02597D12E}.Release|x64.ActiveCfg = Release|x64
		{2D1641B9-12AD-4218-82DB-F5D02597D12E}.Release|x64.Build.0 = Release|x64
		{2D1641B9-12AD-4218-82DB-F5D02597D12E}.Release|x86.ActiveCfg = Release|Win32
		{2D1641B9-12AD-4218-82DB-F5D02597D12E}.Release|x86.Build.0 = Release|Win32
		{CCC6DCC4-B131-4857-A894-9772447B67CA}.Debug|x64.ActiveCfg = Debug|x64
		{CCC6DCC4-B131-4857-A894-9772447B67CA}.Debug|x64.Build.0 = Debug|x64
		{CCC6DCC4-B131-4857-A894-9772447B67CA}.Debug|x86.ActiveCfg = Debug|Win32
		{CCC6DCC4-B131-4857-A894-9772447B67CA}.Debug|x86.Build.0 = Debug|Win32
		{CCC6DCC4-B131-4857-A894-9772447B67CA}.Release|x64.ActiveCfg = Release|x64
		{CCC6DCC4-B131-4857-A894-9772447B67CA}.Release|x64.Build.0 = Release|x64
		{CCC6DCC4-B131-4857-A894-9772447B67CA}.Release|x86.ActiveCfg = Release|Win32
		{CCC6DCC4-B131-4857-A894-9772447B67CA}.Release|x86.Build.0 = Release|Win32
		{D7D6E585-60FE-4A00-9280-3420B680E488}.Debug|x64.ActiveCfg = Debug|x64
		{D7D6E585-60FE-4A00-9280-3420B680E488}.Debug|x64.Build.0 = Debug|x64
		{D7D6E585-60FE-4A00-9280-3420B680E488}.Debug|x86.ActiveCfg = Debug|Win32
		{D7D6E585-60FE-4A00-9280-3420B680E488}.Debug|x86.Build.0 = Debug|Win32
		{D7D6E585-60FE-4A00-9280-3420B680E488}.Release|x64.ActiveCfg = Release|x64
		{D7D6E585-60FE-4A00-9280-3420B680E488}.Release|x64.Build.0 = Release|x64
		{D7D6E585-60FE-4A00-9280-3420B680E488}.Release|x86.ActiveCfg = Release|Win32
		{D7D6E585-60FE-4A00-9280-3420B680E488}.Release|x86.Build.0 = Release|Win32
		{46BEE9EA-BCE0-4A0C-94C7-F1B5866C2800}.Debug|x64.ActiveCfg = Debug|x64
		{46BEE9EA-BCE0-4A0C-94C7-F1B5866C2800}.Debug|x64.Build.0 = Debug|x64
		{46BEE9EA-BCE0-4A0C-94C7-F1B5866C2800}.Debug|x86.ActiveCfg = Debug|Win32
		{46BEE9EA-BCE0-4A0C-94C7-F1B5866C2800}.Debug|x86.Build.0 = Debug|Win32
		{46BEE9EA-BCE0-4A0C-94C7-F1B5866C2800}.Release|x64.ActiveCfg = Release|x64
		{46BEE9EA-BCE0-4A0C-94C7-F1B5866C2800}.Release|x64.Build.0 = Release|x64
		{46BEE9EA-BCE0-4A0C-94C7-F1B5866C2800}.Release|x86.ActiveCfg = Release|Win32
		{46BEE9EA-BCE0-4A0C-94C7-F1B5866C2800}.Release|x86.Build.0 = Release|Win32
		{D12BBC0B-5F8A-46B9-BA4D-7883C0BE6EA0}.Debug|x64.ActiveCfg = Debug|x64
		{D12BBC0B-5F8A-46B9-BA4D-7883C0BE6EA0}.Debug|x64.Build.0 = Debug|x64
		{D12BBC0B-5F8A-46B9-BA4D-7883C0BE6EA0}.Debug|x86.ActiveCfg = Debug|Win32
		{D12BBC0B-5F8A-46B9-BA4D-7883C0BE6EA0}.Debug|x86.Build.0 = Debug|Win32
		{D12BBC0B-5F8A-46B9-BA4D-7883C0BE6EA0}.Release|x64.ActiveCfg = Release|x64
		{D12BBC0B-5F8A-46B9-BA4D-7883C0BE6EA0}.Release|x64.Build.0 = Release|x64
		{D12BBC0B-5F8A-46B9-BA4D-7883C0BE6EA0}.Release|x86.ActiveCfg = Release|Win32
		{D12BBC0B-5F8A-46B9-BA4D-7883C0BE6EA0}.Release|x86.Build.0 = Release|Win32
		{340F6FAF-3735-4190-87D8-34BDE7F2EF06}.Debug|x64.ActiveCfg = Debug|x64
		{340F6FAF-3735-4190-87D8-34BDE7F2EF06}.Debug|x64.Build.0 = Debug|x64
		{340F6FAF-3735-4190-87D8-34BDE7F2EF06}.Debug|x86.ActiveCfg = Debug|Win32
		{340F6FAF-3735-4190-87D8-34BDE7F2EF06}.Debug|x86.Build.0 = Debug|Win32
		{340F6FAF-3735-4190-87D8-34BDE7F2EF06}.Release|x64.ActiveCfg = Release|x64
		{340F6FAF-3735-4190-87D8-34BDE7F2EF06}.Release|x64.Build.0 = Release|x64
		{340F6FAF-3735-4190-87D8-34BDE7F2EF06}.Release|x86.ActiveCfg = Release|Win32
		{340F6FAF-3735-4190-87D8-34BDE7F2EF06}.Release|x86.Build.0 = Release|Win32
		{6E3323AD-09F3-4737-8C2E-1140F293D5D0}.Debug|x64.ActiveCfg = Debug|x64
		{6E3323AD-09F3-4737-8C2E-1140F293D5D0}.Debug|x64.Build.0 = Debug|x64
		{6E3323AD-09F3-4737-8C2E-1140F293D5D0}.Debug|x86.ActiveCfg = Debug|Win32
		{6E3323AD-09F3-4737-8C2E-1140F293D5D0}.Debug|x86.Build.0 = Debug|Win32
		{6E3323AD-09F3-4737-8C2E-1140F293D5D0}.Release|x64.ActiveCfg = Release|x64
		{6E3323AD-09F3-4737-8C2E-1140F293D5D0}.Release|x64.Build.0 = Release|x64
		{6E3323AD-09F3-4737-8C2E-1140F293D5D0}.Release|x86.ActiveCfg = Release|Win32
		{6E3323AD-09F3-4737-8C2E-1140F293D5D0}.Release|x86.Build.0 = Release|Win32
		{ABAB466B-A404-41C5-AF58-0FF5B38DC232}.Debug|x64.ActiveCfg = Debug|x64
		{ABAB466B-A404-41C5-AF58-0FF5B38DC232}.Debug|x64.Build.0 = Debug|x64
		{ABAB466B-A404-41C5-AF58-0FF5B38DC232}.Debug|x86.ActiveCfg = Debug|Win32
		{ABAB466B-A404-41C5-AF58-0FF5B38DC232}.Debug|x86.Build.0 = Debug|Win32
		{ABAB466B-A404-41C5-AF58-0FF5B38DC232}.Release|x64.ActiveCfg = Release|x64
		{ABAB466B-A404-41C5-AF58-0FF5B38DC232}.Release|x64.Build.0 = Release|x64
		{ABAB466B-A404-41C5-AF58-0FF5B38DC232}.Release|x86.ActiveCfg = Release|Win32
		{ABAB466B-A404-41C5-AF58-0FF5B38DC232}.Release|x86.Build.0 = Release|Win32
	EndGlobalSection
	GlobalSection(SolutionProperties) = preSolution
		HideSolutionNode = FALSE
	EndGlobalSection
	GlobalSection(ExtensibilityGlobals) = postSolution
		SolutionGuid = {DC3E2EDC-EBC4-482C-855A-31405228E662}
	EndGlobalSection
EndGlobal
